{
  "name": "example",
  "version": "1.0.0",
  "lockfileVersion": 1,
  "requires": true,
  "dependencies": {
    "@small-tech/remote": {
      "version": "2.1.0",
      "resolved": "https://registry.npmjs.org/@small-tech/remote/-/remote-2.1.0.tgz",
      "integrity": "sha512-ymBp+1Rmn2ZmgDFxh9My4BDEJuGH2VdMcX/4PJYOKth/Mm4iYsu1f268pyay2MheiW9kYO/eHuTMBqCZ19CCgg==",
      "requires": {
        "keyd": "^1.3.4"
      }
    },
    "keyd": {
      "version": "1.3.4",
      "resolved": "https://registry.npmjs.org/keyd/-/keyd-1.3.4.tgz",
      "integrity": "sha512-x60kNdVyvgWjTVved9W9UMAV4SPBS151UhswksMBkHAzSLDtHuz2CdUVZ5y+3E+kmpt+GVcU1k+khKd4bpb/FQ=="
    }
  }
}
